// !$*UTF8*$!
{
	archiveVersion = 1;
	classes = {
	};
	objectVersion = 56;
	objects = {

/* Begin PBXBuildFile section */
		0C124AD92BEFE430007FC28D /* ArticleRemoteDataSource.swift in Sources */ = {isa = PBXBuildFile; fileRef = 0C124AD82BEFE430007FC28D /* ArticleRemoteDataSource.swift */; };
		0C124ADC2BEFE637007FC28D /* RemoteDataSourceError.swift in Sources */ = {isa = PBXBuildFile; fileRef = 0C124ADB2BEFE637007FC28D /* RemoteDataSourceError.swift */; };
		0C124AE02BEFF0A7007FC28D /* ArticleRemoteDataSourceTest.swift in Sources */ = {isa = PBXBuildFile; fileRef = 0C124ADF2BEFF0A7007FC28D /* ArticleRemoteDataSourceTest.swift */; };
		0C124AE22BF033CC007FC28D /* ArticleResponse.swift in Sources */ = {isa = PBXBuildFile; fileRef = 0C124AE12BF033CC007FC28D /* ArticleResponse.swift */; };
		0C124AE72BF03A70007FC28D /* MainViewController.swift in Sources */ = {isa = PBXBuildFile; fileRef = 0C124AE62BF03A70007FC28D /* MainViewController.swift */; };
		0C124AEA2BF03AE3007FC28D /* MainCoordinator.swift in Sources */ = {isa = PBXBuildFile; fileRef = 0C124AE92BF03AE3007FC28D /* MainCoordinator.swift */; };
		0C124AF22BF04373007FC28D /* ViewControllerPreview.swift in Sources */ = {isa = PBXBuildFile; fileRef = 0C124AF12BF04373007FC28D /* ViewControllerPreview.swift */; };
		0C124AF42BF0440A007FC28D /* ViewPreview.swift in Sources */ = {isa = PBXBuildFile; fileRef = 0C124AF32BF0440A007FC28D /* ViewPreview.swift */; };
		0C124AF62BF0454E007FC28D /* MainViewModel.swift in Sources */ = {isa = PBXBuildFile; fileRef = 0C124AF52BF0454E007FC28D /* MainViewModel.swift */; };
		0C57DFDB2BEFE0300045BFD9 /* ArticleRemoteDataSourceProtocol.swift in Sources */ = {isa = PBXBuildFile; fileRef = 0C57DFDA2BEFE0300045BFD9 /* ArticleRemoteDataSourceProtocol.swift */; };
		0C57DFDD2BEFE0F30045BFD9 /* ArticleRepositoryTest.swift in Sources */ = {isa = PBXBuildFile; fileRef = 0C57DFDC2BEFE0F30045BFD9 /* ArticleRepositoryTest.swift */; };
		0C57DFE12BEFE1E70045BFD9 /* ArticleRepository.swift in Sources */ = {isa = PBXBuildFile; fileRef = 0C57DFE02BEFE1E70045BFD9 /* ArticleRepository.swift */; };
		0C73C8FE2BEFDAAF001355D7 /* AppDelegate.swift in Sources */ = {isa = PBXBuildFile; fileRef = 0C73C8FD2BEFDAAF001355D7 /* AppDelegate.swift */; };
		0C73C9002BEFDAAF001355D7 /* SceneDelegate.swift in Sources */ = {isa = PBXBuildFile; fileRef = 0C73C8FF2BEFDAAF001355D7 /* SceneDelegate.swift */; };
		0C73C9072BEFDAB0001355D7 /* Assets.xcassets in Resources */ = {isa = PBXBuildFile; fileRef = 0C73C9062BEFDAB0001355D7 /* Assets.xcassets */; };
		0C73C90A2BEFDAB0001355D7 /* Base in Resources */ = {isa = PBXBuildFile; fileRef = 0C73C9092BEFDAB0001355D7 /* Base */; };
		0C73C91F2BEFDAB1001355D7 /* BornNews_AppUITests.swift in Sources */ = {isa = PBXBuildFile; fileRef = 0C73C91E2BEFDAB1001355D7 /* BornNews_AppUITests.swift */; };
		0C73C9212BEFDAB1001355D7 /* BornNews_AppUITestsLaunchTests.swift in Sources */ = {isa = PBXBuildFile; fileRef = 0C73C9202BEFDAB1001355D7 /* BornNews_AppUITestsLaunchTests.swift */; };
		0C73C93B2BEFDD18001355D7 /* ArticleRepositoryProtocol.swift in Sources */ = {isa = PBXBuildFile; fileRef = 0C73C93A2BEFDD18001355D7 /* ArticleRepositoryProtocol.swift */; };
		0C73C93D2BEFDEE2001355D7 /* Article.swift in Sources */ = {isa = PBXBuildFile; fileRef = 0C73C93C2BEFDEE2001355D7 /* Article.swift */; };
/* End PBXBuildFile section */

/* Begin PBXContainerItemProxy section */
		0C73C9112BEFDAB1001355D7 /* PBXContainerItemProxy */ = {
			isa = PBXContainerItemProxy;
			containerPortal = 0C73C8F22BEFDAAF001355D7 /* Project object */;
			proxyType = 1;
			remoteGlobalIDString = 0C73C8F92BEFDAAF001355D7;
			remoteInfo = "BornNews App";
		};
		0C73C91B2BEFDAB1001355D7 /* PBXContainerItemProxy */ = {
			isa = PBXContainerItemProxy;
			containerPortal = 0C73C8F22BEFDAAF001355D7 /* Project object */;
			proxyType = 1;
			remoteGlobalIDString = 0C73C8F92BEFDAAF001355D7;
			remoteInfo = "BornNews App";
		};
/* End PBXContainerItemProxy section */

/* Begin PBXFileReference section */
		0C124AD82BEFE430007FC28D /* ArticleRemoteDataSource.swift */ = {isa = PBXFileReference; lastKnownFileType = sourcecode.swift; path = ArticleRemoteDataSource.swift; sourceTree = "<group>"; };
		0C124ADB2BEFE637007FC28D /* RemoteDataSourceError.swift */ = {isa = PBXFileReference; lastKnownFileType = sourcecode.swift; path = RemoteDataSourceError.swift; sourceTree = "<group>"; };
		0C124ADF2BEFF0A7007FC28D /* ArticleRemoteDataSourceTest.swift */ = {isa = PBXFileReference; lastKnownFileType = sourcecode.swift; path = ArticleRemoteDataSourceTest.swift; sourceTree = "<group>"; };
		0C124AE12BF033CC007FC28D /* ArticleResponse.swift */ = {isa = PBXFileReference; lastKnownFileType = sourcecode.swift; path = ArticleResponse.swift; sourceTree = "<group>"; };
		0C124AE62BF03A70007FC28D /* MainViewController.swift */ = {isa = PBXFileReference; lastKnownFileType = sourcecode.swift; path = MainViewController.swift; sourceTree = "<group>"; };
		0C124AE92BF03AE3007FC28D /* MainCoordinator.swift */ = {isa = PBXFileReference; lastKnownFileType = sourcecode.swift; path = MainCoordinator.swift; sourceTree = "<group>"; };
		0C124AF12BF04373007FC28D /* ViewControllerPreview.swift */ = {isa = PBXFileReference; lastKnownFileType = sourcecode.swift; path = ViewControllerPreview.swift; sourceTree = "<group>"; };
		0C124AF32BF0440A007FC28D /* ViewPreview.swift */ = {isa = PBXFileReference; lastKnownFileType = sourcecode.swift; path = ViewPreview.swift; sourceTree = "<group>"; };
		0C124AF52BF0454E007FC28D /* MainViewModel.swift */ = {isa = PBXFileReference; lastKnownFileType = sourcecode.swift; path = MainViewModel.swift; sourceTree = "<group>"; };
		0C57DFDA2BEFE0300045BFD9 /* ArticleRemoteDataSourceProtocol.swift */ = {isa = PBXFileReference; lastKnownFileType = sourcecode.swift; path = ArticleRemoteDataSourceProtocol.swift; sourceTree = "<group>"; };
		0C57DFDC2BEFE0F30045BFD9 /* ArticleRepositoryTest.swift */ = {isa = PBXFileReference; lastKnownFileType = sourcecode.swift; path = ArticleRepositoryTest.swift; sourceTree = "<group>"; };
		0C57DFE02BEFE1E70045BFD9 /* ArticleRepository.swift */ = {isa = PBXFileReference; lastKnownFileType = sourcecode.swift; path = ArticleRepository.swift; sourceTree = "<group>"; };
		0C73C8FA2BEFDAAF001355D7 /* BornNews App.app */ = {isa = PBXFileReference; explicitFileType = wrapper.application; includeInIndex = 0; path = "BornNews App.app"; sourceTree = BUILT_PRODUCTS_DIR; };
		0C73C8FD2BEFDAAF001355D7 /* AppDelegate.swift */ = {isa = PBXFileReference; lastKnownFileType = sourcecode.swift; path = AppDelegate.swift; sourceTree = "<group>"; };
		0C73C8FF2BEFDAAF001355D7 /* SceneDelegate.swift */ = {isa = PBXFileReference; lastKnownFileType = sourcecode.swift; path = SceneDelegate.swift; sourceTree = "<group>"; };
		0C73C9062BEFDAB0001355D7 /* Assets.xcassets */ = {isa = PBXFileReference; lastKnownFileType = folder.assetcatalog; path = Assets.xcassets; sourceTree = "<group>"; };
		0C73C9092BEFDAB0001355D7 /* Base */ = {isa = PBXFileReference; lastKnownFileType = file.storyboard; name = Base; path = Base.lproj/LaunchScreen.storyboard; sourceTree = "<group>"; };
		0C73C90B2BEFDAB0001355D7 /* Info.plist */ = {isa = PBXFileReference; lastKnownFileType = text.plist.xml; path = Info.plist; sourceTree = "<group>"; };
		0C73C9102BEFDAB1001355D7 /* BornNews AppTests.xctest */ = {isa = PBXFileReference; explicitFileType = wrapper.cfbundle; includeInIndex = 0; path = "BornNews AppTests.xctest"; sourceTree = BUILT_PRODUCTS_DIR; };
		0C73C91A2BEFDAB1001355D7 /* BornNews AppUITests.xctest */ = {isa = PBXFileReference; explicitFileType = wrapper.cfbundle; includeInIndex = 0; path = "BornNews AppUITests.xctest"; sourceTree = BUILT_PRODUCTS_DIR; };
		0C73C91E2BEFDAB1001355D7 /* BornNews_AppUITests.swift */ = {isa = PBXFileReference; lastKnownFileType = sourcecode.swift; path = BornNews_AppUITests.swift; sourceTree = "<group>"; };
		0C73C9202BEFDAB1001355D7 /* BornNews_AppUITestsLaunchTests.swift */ = {isa = PBXFileReference; lastKnownFileType = sourcecode.swift; path = BornNews_AppUITestsLaunchTests.swift; sourceTree = "<group>"; };
		0C73C93A2BEFDD18001355D7 /* ArticleRepositoryProtocol.swift */ = {isa = PBXFileReference; lastKnownFileType = sourcecode.swift; path = ArticleRepositoryProtocol.swift; sourceTree = "<group>"; };
		0C73C93C2BEFDEE2001355D7 /* Article.swift */ = {isa = PBXFileReference; lastKnownFileType = sourcecode.swift; path = Article.swift; sourceTree = "<group>"; };
/* End PBXFileReference section */

/* Begin PBXFrameworksBuildPhase section */
		0C73C8F72BEFDAAF001355D7 /* Frameworks */ = {
			isa = PBXFrameworksBuildPhase;
			buildActionMask = 2147483647;
			files = (
			);
			runOnlyForDeploymentPostprocessing = 0;
		};
		0C73C90D2BEFDAB1001355D7 /* Frameworks */ = {
			isa = PBXFrameworksBuildPhase;
			buildActionMask = 2147483647;
			files = (
			);
			runOnlyForDeploymentPostprocessing = 0;
		};
		0C73C9172BEFDAB1001355D7 /* Frameworks */ = {
			isa = PBXFrameworksBuildPhase;
			buildActionMask = 2147483647;
			files = (
			);
			runOnlyForDeploymentPostprocessing = 0;
		};
/* End PBXFrameworksBuildPhase section */

/* Begin PBXGroup section */
		0C124ADA2BEFE618007FC28D /* Error */ = {
			isa = PBXGroup;
			children = (
				0C124ADB2BEFE637007FC28D /* RemoteDataSourceError.swift */,
			);
			path = Error;
			sourceTree = "<group>";
		};
		0C124AE32BF03954007FC28D /* Utils */ = {
			isa = PBXGroup;
			children = (
			);
			path = Utils;
			sourceTree = "<group>";
		};
		0C124AE42BF03A3A007FC28D /* Views */ = {
			isa = PBXGroup;
			children = (
				0C124AE62BF03A70007FC28D /* MainViewController.swift */,
			);
			path = Views;
			sourceTree = "<group>";
		};
		0C124AE52BF03A44007FC28D /* ViewModels */ = {
			isa = PBXGroup;
			children = (
				0C124AF52BF0454E007FC28D /* MainViewModel.swift */,
			);
			path = ViewModels;
			sourceTree = "<group>";
		};
		0C124AE82BF03AD6007FC28D /* Coordinator */ = {
			isa = PBXGroup;
			children = (
				0C124AE92BF03AE3007FC28D /* MainCoordinator.swift */,
			);
			path = Coordinator;
			sourceTree = "<group>";
		};
		0C57DFD82BEFDFFD0045BFD9 /* Model */ = {
			isa = PBXGroup;
			children = (
				0C73C93C2BEFDEE2001355D7 /* Article.swift */,
				0C124AE12BF033CC007FC28D /* ArticleResponse.swift */,
			);
			path = Model;
			sourceTree = "<group>";
		};
		0C57DFD92BEFE0090045BFD9 /* Protocols */ = {
			isa = PBXGroup;
			children = (
				0C73C93A2BEFDD18001355D7 /* ArticleRepositoryProtocol.swift */,
				0C57DFDA2BEFE0300045BFD9 /* ArticleRemoteDataSourceProtocol.swift */,
			);
			path = Protocols;
			sourceTree = "<group>";
		};
		0C57DFDE2BEFE1B50045BFD9 /* ArticleDataSource */ = {
			isa = PBXGroup;
			children = (
				0C124AD82BEFE430007FC28D /* ArticleRemoteDataSource.swift */,
			);
			path = ArticleDataSource;
			sourceTree = "<group>";
		};
		0C57DFDF2BEFE1C30045BFD9 /* ArticleRepository */ = {
			isa = PBXGroup;
			children = (
				0C57DFE02BEFE1E70045BFD9 /* ArticleRepository.swift */,
			);
			path = ArticleRepository;
			sourceTree = "<group>";
		};
		0C73C8F12BEFDAAF001355D7 = {
			isa = PBXGroup;
			children = (
				0C73C8FC2BEFDAAF001355D7 /* BornNews App */,
				0C73C9132BEFDAB1001355D7 /* BornNews AppTests */,
				0C73C91D2BEFDAB1001355D7 /* BornNews AppUITests */,
				0C73C8FB2BEFDAAF001355D7 /* Products */,
			);
			sourceTree = "<group>";
		};
		0C73C8FB2BEFDAAF001355D7 /* Products */ = {
			isa = PBXGroup;
			children = (
				0C73C8FA2BEFDAAF001355D7 /* BornNews App.app */,
				0C73C9102BEFDAB1001355D7 /* BornNews AppTests.xctest */,
				0C73C91A2BEFDAB1001355D7 /* BornNews AppUITests.xctest */,
			);
			name = Products;
			sourceTree = "<group>";
		};
		0C73C8FC2BEFDAAF001355D7 /* BornNews App */ = {
			isa = PBXGroup;
			children = (
				0C73C8FD2BEFDAAF001355D7 /* AppDelegate.swift */,
				0C73C8FF2BEFDAAF001355D7 /* SceneDelegate.swift */,
				0C73C9302BEFDBDA001355D7 /* Features */,
				0C73C92F2BEFDBCD001355D7 /* Core */,
				0C73C92D2BEFDBB7001355D7 /* Utils */,
				0C73C9062BEFDAB0001355D7 /* Assets.xcassets */,
				0C73C9082BEFDAB0001355D7 /* LaunchScreen.storyboard */,
				0C73C90B2BEFDAB0001355D7 /* Info.plist */,
			);
			path = "BornNews App";
			sourceTree = "<group>";
		};
		0C73C9132BEFDAB1001355D7 /* BornNews AppTests */ = {
			isa = PBXGroup;
			children = (
				0C124AE32BF03954007FC28D /* Utils */,
				0C73C9362BEFDCB8001355D7 /* Features */,
				0C73C9352BEFDCB0001355D7 /* Core */,
			);
			path = "BornNews AppTests";
			sourceTree = "<group>";
		};
		0C73C91D2BEFDAB1001355D7 /* BornNews AppUITests */ = {
			isa = PBXGroup;
			children = (
				0C73C91E2BEFDAB1001355D7 /* BornNews_AppUITests.swift */,
				0C73C9202BEFDAB1001355D7 /* BornNews_AppUITestsLaunchTests.swift */,
			);
			path = "BornNews AppUITests";
			sourceTree = "<group>";
		};
		0C73C92D2BEFDBB7001355D7 /* Utils */ = {
			isa = PBXGroup;
			children = (
				0C124AF12BF04373007FC28D /* ViewControllerPreview.swift */,
				0C124AF32BF0440A007FC28D /* ViewPreview.swift */,
			);
			path = Utils;
			sourceTree = "<group>";
		};
		0C73C92F2BEFDBCD001355D7 /* Core */ = {
			isa = PBXGroup;
			children = (
				0C124AE82BF03AD6007FC28D /* Coordinator */,
				0C124ADA2BEFE618007FC28D /* Error */,
			);
			path = Core;
			sourceTree = "<group>";
		};
		0C73C9302BEFDBDA001355D7 /* Features */ = {
			isa = PBXGroup;
			children = (
				0C73C9312BEFDC01001355D7 /* News */,
			);
			path = Features;
			sourceTree = "<group>";
		};
		0C73C9312BEFDC01001355D7 /* News */ = {
			isa = PBXGroup;
			children = (
				0C73C9342BEFDC27001355D7 /* Presentation */,
				0C73C9322BEFDC15001355D7 /* Data */,
			);
			path = News;
			sourceTree = "<group>";
		};
		0C73C9322BEFDC15001355D7 /* Data */ = {
			isa = PBXGroup;
			children = (
				0C57DFDF2BEFE1C30045BFD9 /* ArticleRepository */,
				0C57DFDE2BEFE1B50045BFD9 /* ArticleDataSource */,
				0C57DFD92BEFE0090045BFD9 /* Protocols */,
				0C57DFD82BEFDFFD0045BFD9 /* Model */,
			);
			path = Data;
			sourceTree = "<group>";
		};
		0C73C9342BEFDC27001355D7 /* Presentation */ = {
			isa = PBXGroup;
			children = (
				0C124AE52BF03A44007FC28D /* ViewModels */,
				0C124AE42BF03A3A007FC28D /* Views */,
			);
			path = Presentation;
			sourceTree = "<group>";
		};
		0C73C9352BEFDCB0001355D7 /* Core */ = {
			isa = PBXGroup;
			children = (
			);
			path = Core;
			sourceTree = "<group>";
		};
		0C73C9362BEFDCB8001355D7 /* Features */ = {
			isa = PBXGroup;
			children = (
				0C73C9372BEFDCBF001355D7 /* News */,
			);
			path = Features;
			sourceTree = "<group>";
		};
		0C73C9372BEFDCBF001355D7 /* News */ = {
			isa = PBXGroup;
			children = (
				0C73C9392BEFDCCE001355D7 /* Presentation */,
				0C73C9382BEFDCC8001355D7 /* Data */,
			);
			path = News;
			sourceTree = "<group>";
		};
		0C73C9382BEFDCC8001355D7 /* Data */ = {
			isa = PBXGroup;
			children = (
				0C57DFDC2BEFE0F30045BFD9 /* ArticleRepositoryTest.swift */,
				0C124ADF2BEFF0A7007FC28D /* ArticleRemoteDataSourceTest.swift */,
			);
			path = Data;
			sourceTree = "<group>";
		};
		0C73C9392BEFDCCE001355D7 /* Presentation */ = {
			isa = PBXGroup;
			children = (
			);
			path = Presentation;
			sourceTree = "<group>";
		};
/* End PBXGroup section */

/* Begin PBXNativeTarget section */
		0C73C8F92BEFDAAF001355D7 /* BornNews App */ = {
			isa = PBXNativeTarget;
			buildConfigurationList = 0C73C9242BEFDAB1001355D7 /* Build configuration list for PBXNativeTarget "BornNews App" */;
			buildPhases = (
				0C73C8F62BEFDAAF001355D7 /* Sources */,
				0C73C8F72BEFDAAF001355D7 /* Frameworks */,
				0C73C8F82BEFDAAF001355D7 /* Resources */,
			);
			buildRules = (
			);
			dependencies = (
			);
			name = "BornNews App";
			productName = "BornNews App";
			productReference = 0C73C8FA2BEFDAAF001355D7 /* BornNews App.app */;
			productType = "com.apple.product-type.application";
		};
		0C73C90F2BEFDAB1001355D7 /* BornNews AppTests */ = {
			isa = PBXNativeTarget;
			buildConfigurationList = 0C73C9272BEFDAB1001355D7 /* Build configuration list for PBXNativeTarget "BornNews AppTests" */;
			buildPhases = (
				0C73C90C2BEFDAB1001355D7 /* Sources */,
				0C73C90D2BEFDAB1001355D7 /* Frameworks */,
				0C73C90E2BEFDAB1001355D7 /* Resources */,
			);
			buildRules = (
			);
			dependencies = (
				0C73C9122BEFDAB1001355D7 /* PBXTargetDependency */,
			);
			name = "BornNews AppTests";
			productName = "BornNews AppTests";
			productReference = 0C73C9102BEFDAB1001355D7 /* BornNews AppTests.xctest */;
			productType = "com.apple.product-type.bundle.unit-test";
		};
		0C73C9192BEFDAB1001355D7 /* BornNews AppUITests */ = {
			isa = PBXNativeTarget;
			buildConfigurationList = 0C73C92A2BEFDAB1001355D7 /* Build configuration list for PBXNativeTarget "BornNews AppUITests" */;
			buildPhases = (
				0C73C9162BEFDAB1001355D7 /* Sources */,
				0C73C9172BEFDAB1001355D7 /* Frameworks */,
				0C73C9182BEFDAB1001355D7 /* Resources */,
			);
			buildRules = (
			);
			dependencies = (
				0C73C91C2BEFDAB1001355D7 /* PBXTargetDependency */,
			);
			name = "BornNews AppUITests";
			productName = "BornNews AppUITests";
			productReference = 0C73C91A2BEFDAB1001355D7 /* BornNews AppUITests.xctest */;
			productType = "com.apple.product-type.bundle.ui-testing";
		};
/* End PBXNativeTarget section */

/* Begin PBXProject section */
		0C73C8F22BEFDAAF001355D7 /* Project object */ = {
			isa = PBXProject;
			attributes = {
				BuildIndependentTargetsInParallel = 1;
				LastSwiftUpdateCheck = 1530;
				LastUpgradeCheck = 1530;
				TargetAttributes = {
					0C73C8F92BEFDAAF001355D7 = {
						CreatedOnToolsVersion = 15.3;
					};
					0C73C90F2BEFDAB1001355D7 = {
						CreatedOnToolsVersion = 15.3;
						LastSwiftMigration = 1530;
						TestTargetID = 0C73C8F92BEFDAAF001355D7;
					};
					0C73C9192BEFDAB1001355D7 = {
						CreatedOnToolsVersion = 15.3;
						TestTargetID = 0C73C8F92BEFDAAF001355D7;
					};
				};
			};
			buildConfigurationList = 0C73C8F52BEFDAAF001355D7 /* Build configuration list for PBXProject "BornNews App" */;
			compatibilityVersion = "Xcode 14.0";
			developmentRegion = en;
			hasScannedForEncodings = 0;
			knownRegions = (
				en,
				Base,
			);
			mainGroup = 0C73C8F12BEFDAAF001355D7;
			productRefGroup = 0C73C8FB2BEFDAAF001355D7 /* Products */;
			projectDirPath = "";
			projectRoot = "";
			targets = (
				0C73C8F92BEFDAAF001355D7 /* BornNews App */,
				0C73C90F2BEFDAB1001355D7 /* BornNews AppTests */,
				0C73C9192BEFDAB1001355D7 /* BornNews AppUITests */,
			);
		};
/* End PBXProject section */

/* Begin PBXResourcesBuildPhase section */
		0C73C8F82BEFDAAF001355D7 /* Resources */ = {
			isa = PBXResourcesBuildPhase;
			buildActionMask = 2147483647;
			files = (
				0C73C9072BEFDAB0001355D7 /* Assets.xcassets in Resources */,
				0C73C90A2BEFDAB0001355D7 /* Base in Resources */,
			);
			runOnlyForDeploymentPostprocessing = 0;
		};
		0C73C90E2BEFDAB1001355D7 /* Resources */ = {
			isa = PBXResourcesBuildPhase;
			buildActionMask = 2147483647;
			files = (
			);
			runOnlyForDeploymentPostprocessing = 0;
		};
		0C73C9182BEFDAB1001355D7 /* Resources */ = {
			isa = PBXResourcesBuildPhase;
			buildActionMask = 2147483647;
			files = (
			);
			runOnlyForDeploymentPostprocessing = 0;
		};
/* End PBXResourcesBuildPhase section */

/* Begin PBXSourcesBuildPhase section */
		0C73C8F62BEFDAAF001355D7 /* Sources */ = {
			isa = PBXSourcesBuildPhase;
			buildActionMask = 2147483647;
			files = (
				0C73C93B2BEFDD18001355D7 /* ArticleRepositoryProtocol.swift in Sources */,
				0C124AD92BEFE430007FC28D /* ArticleRemoteDataSource.swift in Sources */,
				0C124ADC2BEFE637007FC28D /* RemoteDataSourceError.swift in Sources */,
				0C57DFE12BEFE1E70045BFD9 /* ArticleRepository.swift in Sources */,
				0C73C8FE2BEFDAAF001355D7 /* AppDelegate.swift in Sources */,
				0C124AEA2BF03AE3007FC28D /* MainCoordinator.swift in Sources */,
				0C124AF22BF04373007FC28D /* ViewControllerPreview.swift in Sources */,
				0C124AF62BF0454E007FC28D /* MainViewModel.swift in Sources */,
				0C57DFDB2BEFE0300045BFD9 /* ArticleRemoteDataSourceProtocol.swift in Sources */,
				0C73C9002BEFDAAF001355D7 /* SceneDelegate.swift in Sources */,
				0C73C93D2BEFDEE2001355D7 /* Article.swift in Sources */,
				0C124AE22BF033CC007FC28D /* ArticleResponse.swift in Sources */,
				0C124AE72BF03A70007FC28D /* MainViewController.swift in Sources */,
				0C124AF42BF0440A007FC28D /* ViewPreview.swift in Sources */,
			);
			runOnlyForDeploymentPostprocessing = 0;
		};
		0C73C90C2BEFDAB1001355D7 /* Sources */ = {
			isa = PBXSourcesBuildPhase;
			buildActionMask = 2147483647;
			files = (
				0C57DFDD2BEFE0F30045BFD9 /* ArticleRepositoryTest.swift in Sources */,
				0C124AE02BEFF0A7007FC28D /* ArticleRemoteDataSourceTest.swift in Sources */,
			);
			runOnlyForDeploymentPostprocessing = 0;
		};
		0C73C9162BEFDAB1001355D7 /* Sources */ = {
			isa = PBXSourcesBuildPhase;
			buildActionMask = 2147483647;
			files = (
				0C73C9212BEFDAB1001355D7 /* BornNews_AppUITestsLaunchTests.swift in Sources */,
				0C73C91F2BEFDAB1001355D7 /* BornNews_AppUITests.swift in Sources */,
			);
			runOnlyForDeploymentPostprocessing = 0;
		};
/* End PBXSourcesBuildPhase section */

/* Begin PBXTargetDependency section */
		0C73C9122BEFDAB1001355D7 /* PBXTargetDependency */ = {
			isa = PBXTargetDependency;
			target = 0C73C8F92BEFDAAF001355D7 /* BornNews App */;
			targetProxy = 0C73C9112BEFDAB1001355D7 /* PBXContainerItemProxy */;
		};
		0C73C91C2BEFDAB1001355D7 /* PBXTargetDependency */ = {
			isa = PBXTargetDependency;
			target = 0C73C8F92BEFDAAF001355D7 /* BornNews App */;
			targetProxy = 0C73C91B2BEFDAB1001355D7 /* PBXContainerItemProxy */;
		};
/* End PBXTargetDependency section */

/* Begin PBXVariantGroup section */
		0C73C9082BEFDAB0001355D7 /* LaunchScreen.storyboard */ = {
			isa = PBXVariantGroup;
			children = (
				0C73C9092BEFDAB0001355D7 /* Base */,
			);
			name = LaunchScreen.storyboard;
			sourceTree = "<group>";
		};
/* End PBXVariantGroup section */

/* Begin XCBuildConfiguration section */
		0C73C9222BEFDAB1001355D7 /* Debug */ = {
			isa = XCBuildConfiguration;
			buildSettings = {
				ALWAYS_SEARCH_USER_PATHS = NO;
				ASSETCATALOG_COMPILER_GENERATE_SWIFT_ASSET_SYMBOL_EXTENSIONS = YES;
				CLANG_ANALYZER_NONNULL = YES;
				CLANG_ANALYZER_NUMBER_OBJECT_CONVERSION = YES_AGGRESSIVE;
				CLANG_CXX_LANGUAGE_STANDARD = "gnu++20";
				CLANG_ENABLE_MODULES = YES;
				CLANG_ENABLE_OBJC_ARC = YES;
				CLANG_ENABLE_OBJC_WEAK = YES;
				CLANG_WARN_BLOCK_CAPTURE_AUTORELEASING = YES;
				CLANG_WARN_BOOL_CONVERSION = YES;
				CLANG_WARN_COMMA = YES;
				CLANG_WARN_CONSTANT_CONVERSION = YES;
				CLANG_WARN_DEPRECATED_OBJC_IMPLEMENTATIONS = YES;
				CLANG_WARN_DIRECT_OBJC_ISA_USAGE = YES_ERROR;
				CLANG_WARN_DOCUMENTATION_COMMENTS = YES;
				CLANG_WARN_EMPTY_BODY = YES;
				CLANG_WARN_ENUM_CONVERSION = YES;
				CLANG_WARN_INFINITE_RECURSION = YES;
				CLANG_WARN_INT_CONVERSION = YES;
				CLANG_WARN_NON_LITERAL_NULL_CONVERSION = YES;
				CLANG_WARN_OBJC_IMPLICIT_RETAIN_SELF = YES;
				CLANG_WARN_OBJC_LITERAL_CONVERSION = YES;
				CLANG_WARN_OBJC_ROOT_CLASS = YES_ERROR;
				CLANG_WARN_QUOTED_INCLUDE_IN_FRAMEWORK_HEADER = YES;
				CLANG_WARN_RANGE_LOOP_ANALYSIS = YES;
				CLANG_WARN_STRICT_PROTOTYPES = YES;
				CLANG_WARN_SUSPICIOUS_MOVE = YES;
				CLANG_WARN_UNGUARDED_AVAILABILITY = YES_AGGRESSIVE;
				CLANG_WARN_UNREACHABLE_CODE = YES;
				CLANG_WARN__DUPLICATE_METHOD_MATCH = YES;
				COPY_PHASE_STRIP = NO;
				DEBUG_INFORMATION_FORMAT = dwarf;
				ENABLE_STRICT_OBJC_MSGSEND = YES;
				ENABLE_TESTABILITY = YES;
				ENABLE_USER_SCRIPT_SANDBOXING = YES;
				GCC_C_LANGUAGE_STANDARD = gnu17;
				GCC_DYNAMIC_NO_PIC = NO;
				GCC_NO_COMMON_BLOCKS = YES;
				GCC_OPTIMIZATION_LEVEL = 0;
				GCC_PREPROCESSOR_DEFINITIONS = (
					"DEBUG=1",
					"$(inherited)",
				);
				GCC_WARN_64_TO_32_BIT_CONVERSION = YES;
				GCC_WARN_ABOUT_RETURN_TYPE = YES_ERROR;
				GCC_WARN_UNDECLARED_SELECTOR = YES;
				GCC_WARN_UNINITIALIZED_AUTOS = YES_AGGRESSIVE;
				GCC_WARN_UNUSED_FUNCTION = YES;
				GCC_WARN_UNUSED_VARIABLE = YES;
				IPHONEOS_DEPLOYMENT_TARGET = 17.4;
				LOCALIZATION_PREFERS_STRING_CATALOGS = YES;
				MTL_ENABLE_DEBUG_INFO = INCLUDE_SOURCE;
				MTL_FAST_MATH = YES;
				ONLY_ACTIVE_ARCH = YES;
				SDKROOT = iphoneos;
				SWIFT_ACTIVE_COMPILATION_CONDITIONS = "DEBUG $(inherited)";
				SWIFT_OPTIMIZATION_LEVEL = "-Onone";
			};
			name = Debug;
		};
		0C73C9232BEFDAB1001355D7 /* Release */ = {
			isa = XCBuildConfiguration;
			buildSettings = {
				ALWAYS_SEARCH_USER_PATHS = NO;
				ASSETCATALOG_COMPILER_GENERATE_SWIFT_ASSET_SYMBOL_EXTENSIONS = YES;
				CLANG_ANALYZER_NONNULL = YES;
				CLANG_ANALYZER_NUMBER_OBJECT_CONVERSION = YES_AGGRESSIVE;
				CLANG_CXX_LANGUAGE_STANDARD = "gnu++20";
				CLANG_ENABLE_MODULES = YES;
				CLANG_ENABLE_OBJC_ARC = YES;
				CLANG_ENABLE_OBJC_WEAK = YES;
				CLANG_WARN_BLOCK_CAPTURE_AUTORELEASING = YES;
				CLANG_WARN_BOOL_CONVERSION = YES;
				CLANG_WARN_COMMA = YES;
				CLANG_WARN_CONSTANT_CONVERSION = YES;
				CLANG_WARN_DEPRECATED_OBJC_IMPLEMENTATIONS = YES;
				CLANG_WARN_DIRECT_OBJC_ISA_USAGE = YES_ERROR;
				CLANG_WARN_DOCUMENTATION_COMMENTS = YES;
				CLANG_WARN_EMPTY_BODY = YES;
				CLANG_WARN_ENUM_CONVERSION = YES;
				CLANG_WARN_INFINITE_RECURSION = YES;
				CLANG_WARN_INT_CONVERSION = YES;
				CLANG_WARN_NON_LITERAL_NULL_CONVERSION = YES;
				CLANG_WARN_OBJC_IMPLICIT_RETAIN_SELF = YES;
				CLANG_WARN_OBJC_LITERAL_CONVERSION = YES;
				CLANG_WARN_OBJC_ROOT_CLASS = YES_ERROR;
				CLANG_WARN_QUOTED_INCLUDE_IN_FRAMEWORK_HEADER = YES;
				CLANG_WARN_RANGE_LOOP_ANALYSIS = YES;
				CLANG_WARN_STRICT_PROTOTYPES = YES;
				CLANG_WARN_SUSPICIOUS_MOVE = YES;
				CLANG_WARN_UNGUARDED_AVAILABILITY = YES_AGGRESSIVE;
				CLANG_WARN_UNREACHABLE_CODE = YES;
				CLANG_WARN__DUPLICATE_METHOD_MATCH = YES;
				COPY_PHASE_STRIP = NO;
				DEBUG_INFORMATION_FORMAT = "dwarf-with-dsym";
				ENABLE_NS_ASSERTIONS = NO;
				ENABLE_STRICT_OBJC_MSGSEND = YES;
				ENABLE_USER_SCRIPT_SANDBOXING = YES;
				GCC_C_LANGUAGE_STANDARD = gnu17;
				GCC_NO_COMMON_BLOCKS = YES;
				GCC_WARN_64_TO_32_BIT_CONVERSION = YES;
				GCC_WARN_ABOUT_RETURN_TYPE = YES_ERROR;
				GCC_WARN_UNDECLARED_SELECTOR = YES;
				GCC_WARN_UNINITIALIZED_AUTOS = YES_AGGRESSIVE;
				GCC_WARN_UNUSED_FUNCTION = YES;
				GCC_WARN_UNUSED_VARIABLE = YES;
				IPHONEOS_DEPLOYMENT_TARGET = 17.4;
				LOCALIZATION_PREFERS_STRING_CATALOGS = YES;
				MTL_ENABLE_DEBUG_INFO = NO;
				MTL_FAST_MATH = YES;
				SDKROOT = iphoneos;
				SWIFT_COMPILATION_MODE = wholemodule;
				VALIDATE_PRODUCT = YES;
			};
			name = Release;
		};
		0C73C9252BEFDAB1001355D7 /* Debug */ = {
			isa = XCBuildConfiguration;
			buildSettings = {
				ASSETCATALOG_COMPILER_APPICON_NAME = AppIcon;
				ASSETCATALOG_COMPILER_GLOBAL_ACCENT_COLOR_NAME = AccentColor;
				CODE_SIGN_STYLE = Automatic;
				CURRENT_PROJECT_VERSION = 1;
				DEVELOPMENT_TEAM = 749Q737TF5;
				GENERATE_INFOPLIST_FILE = YES;
				INFOPLIST_FILE = "BornNews App/Info.plist";
				INFOPLIST_KEY_CFBundleDisplayName = BornNews;
				INFOPLIST_KEY_UIApplicationSupportsIndirectInputEvents = YES;
				INFOPLIST_KEY_UILaunchStoryboardName = LaunchScreen;
				INFOPLIST_KEY_UISupportedInterfaceOrientations_iPad = "UIInterfaceOrientationPortrait UIInterfaceOrientationPortraitUpsideDown UIInterfaceOrientationLandscapeLeft UIInterfaceOrientationLandscapeRight";
				INFOPLIST_KEY_UISupportedInterfaceOrientations_iPhone = "UIInterfaceOrientationPortrait UIInterfaceOrientationLandscapeLeft UIInterfaceOrientationLandscapeRight";
				IPHONEOS_DEPLOYMENT_TARGET = 17.2;
				LD_RUNPATH_SEARCH_PATHS = (
					"$(inherited)",
					"@executable_path/Frameworks",
				);
				MARKETING_VERSION = 1.0;
				PRODUCT_BUNDLE_IDENTIFIER = "com.miggeLucas.BornNews-App";
				PRODUCT_NAME = "$(TARGET_NAME)";
				SUPPORTED_PLATFORMS = "iphoneos iphonesimulator";
				SUPPORTS_MACCATALYST = NO;
				SUPPORTS_MAC_DESIGNED_FOR_IPHONE_IPAD = NO;
				SUPPORTS_XR_DESIGNED_FOR_IPHONE_IPAD = NO;
				SWIFT_EMIT_LOC_STRINGS = YES;
				SWIFT_VERSION = 5.0;
				TARGETED_DEVICE_FAMILY = 1;
			};
			name = Debug;
		};
		0C73C9262BEFDAB1001355D7 /* Release */ = {
			isa = XCBuildConfiguration;
			buildSettings = {
				ASSETCATALOG_COMPILER_APPICON_NAME = AppIcon;
				ASSETCATALOG_COMPILER_GLOBAL_ACCENT_COLOR_NAME = AccentColor;
				CODE_SIGN_STYLE = Automatic;
				CURRENT_PROJECT_VERSION = 1;
				DEVELOPMENT_TEAM = 749Q737TF5;
				GENERATE_INFOPLIST_FILE = YES;
				INFOPLIST_FILE = "BornNews App/Info.plist";
				INFOPLIST_KEY_CFBundleDisplayName = BornNews;
				INFOPLIST_KEY_UIApplicationSupportsIndirectInputEvents = YES;
				INFOPLIST_KEY_UILaunchStoryboardName = LaunchScreen;
				INFOPLIST_KEY_UISupportedInterfaceOrientations_iPad = "UIInterfaceOrientationPortrait UIInterfaceOrientationPortraitUpsideDown UIInterfaceOrientationLandscapeLeft UIInterfaceOrientationLandscapeRight";
				INFOPLIST_KEY_UISupportedInterfaceOrientations_iPhone = "UIInterfaceOrientationPortrait UIInterfaceOrientationLandscapeLeft UIInterfaceOrientationLandscapeRight";
				IPHONEOS_DEPLOYMENT_TARGET = 17.2;
				LD_RUNPATH_SEARCH_PATHS = (
					"$(inherited)",
					"@executable_path/Frameworks",
				);
				MARKETING_VERSION = 1.0;
				PRODUCT_BUNDLE_IDENTIFIER = "com.miggeLucas.BornNews-App";
				PRODUCT_NAME = "$(TARGET_NAME)";
				SUPPORTED_PLATFORMS = "iphoneos iphonesimulator";
				SUPPORTS_MACCATALYST = NO;
				SUPPORTS_MAC_DESIGNED_FOR_IPHONE_IPAD = NO;
				SUPPORTS_XR_DESIGNED_FOR_IPHONE_IPAD = NO;
				SWIFT_EMIT_LOC_STRINGS = YES;
				SWIFT_VERSION = 5.0;
				TARGETED_DEVICE_FAMILY = 1;
			};
			name = Release;
		};
		0C73C9282BEFDAB1001355D7 /* Debug */ = {
			isa = XCBuildConfiguration;
			buildSettings = {
				ALWAYS_EMBED_SWIFT_STANDARD_LIBRARIES = YES;
				BUNDLE_LOADER = "$(TEST_HOST)";
				CLANG_ENABLE_MODULES = YES;
				CODE_SIGN_STYLE = Automatic;
				CURRENT_PROJECT_VERSION = 1;
				DEVELOPMENT_TEAM = 749Q737TF5;
				GENERATE_INFOPLIST_FILE = YES;
				IPHONEOS_DEPLOYMENT_TARGET = 17.2;
				MARKETING_VERSION = 1.0;
				PRODUCT_BUNDLE_IDENTIFIER = "com.miggeLucas.BornNews-AppTests";
				PRODUCT_NAME = "$(TARGET_NAME)";
				SWIFT_EMIT_LOC_STRINGS = NO;
				SWIFT_OPTIMIZATION_LEVEL = "-Onone";
				SWIFT_VERSION = 5.0;
				TARGETED_DEVICE_FAMILY = "1,2";
				TEST_HOST = "$(BUILT_PRODUCTS_DIR)/BornNews App.app/$(BUNDLE_EXECUTABLE_FOLDER_PATH)/BornNews App";
			};
			name = Debug;
		};
		0C73C9292BEFDAB1001355D7 /* Release */ = {
			isa = XCBuildConfiguration;
			buildSettings = {
				ALWAYS_EMBED_SWIFT_STANDARD_LIBRARIES = YES;
				BUNDLE_LOADER = "$(TEST_HOST)";
				CLANG_ENABLE_MODULES = YES;
				CODE_SIGN_STYLE = Automatic;
				CURRENT_PROJECT_VERSION = 1;
				DEVELOPMENT_TEAM = 749Q737TF5;
				GENERATE_INFOPLIST_FILE = YES;
				IPHONEOS_DEPLOYMENT_TARGET = 17.2;
				MARKETING_VERSION = 1.0;
				PRODUCT_BUNDLE_IDENTIFIER = "com.miggeLucas.BornNews-AppTests";
				PRODUCT_NAME = "$(TARGET_NAME)";
				SWIFT_EMIT_LOC_STRINGS = NO;
				SWIFT_VERSION = 5.0;
				TARGETED_DEVICE_FAMILY = "1,2";
				TEST_HOST = "$(BUILT_PRODUCTS_DIR)/BornNews App.app/$(BUNDLE_EXECUTABLE_FOLDER_PATH)/BornNews App";
			};
			name = Release;
		};
		0C73C92B2BEFDAB1001355D7 /* Debug */ = {
			isa = XCBuildConfiguration;
			buildSettings = {
				ALWAYS_EMBED_SWIFT_STANDARD_LIBRARIES = YES;
				CODE_SIGN_STYLE = Automatic;
				CURRENT_PROJECT_VERSION = 1;
				DEVELOPMENT_TEAM = 749Q737TF5;
				GENERATE_INFOPLIST_FILE = YES;
				IPHONEOS_DEPLOYMENT_TARGET = 17.2;
				MARKETING_VERSION = 1.0;
				PRODUCT_BUNDLE_IDENTIFIER = "com.miggeLucas.BornNews-AppUITests";
				PRODUCT_NAME = "$(TARGET_NAME)";
				SWIFT_EMIT_LOC_STRINGS = NO;
				SWIFT_VERSION = 5.0;
				TARGETED_DEVICE_FAMILY = "1,2";
				TEST_TARGET_NAME = "BornNews App";
			};
			name = Debug;
		};
		0C73C92C2BEFDAB1001355D7 /* Release */ = {
			isa = XCBuildConfiguration;
			buildSettings = {
				ALWAYS_EMBED_SWIFT_STANDARD_LIBRARIES = YES;
				CODE_SIGN_STYLE = Automatic;
				CURRENT_PROJECT_VERSION = 1;
				DEVELOPMENT_TEAM = 749Q737TF5;
				GENERATE_INFOPLIST_FILE = YES;
				IPHONEOS_DEPLOYMENT_TARGET = 17.2;
				MARKETING_VERSION = 1.0;
				PRODUCT_BUNDLE_IDENTIFIER = "com.miggeLucas.BornNews-AppUITests";
				PRODUCT_NAME = "$(TARGET_NAME)";
				SWIFT_EMIT_LOC_STRINGS = NO;
				SWIFT_VERSION = 5.0;
				TARGETED_DEVICE_FAMILY = "1,2";
				TEST_TARGET_NAME = "BornNews App";
			};
			name = Release;
		};
/* End XCBuildConfiguration section */

/* Begin XCConfigurationList section */
		0C73C8F52BEFDAAF001355D7 /* Build configuration list for PBXProject "BornNews App" */ = {
			isa = XCConfigurationList;
			buildConfigurations = (
				0C73C9222BEFDAB1001355D7 /* Debug */,
				0C73C9232BEFDAB1001355D7 /* Release */,
			);
			defaultConfigurationIsVisible = 0;
			defaultConfigurationName = Release;
		};
		0C73C9242BEFDAB1001355D7 /* Build configuration list for PBXNativeTarget "BornNews App" */ = {
			isa = XCConfigurationList;
			buildConfigurations = (
				0C73C9252BEFDAB1001355D7 /* Debug */,
				0C73C9262BEFDAB1001355D7 /* Release */,
			);
			defaultConfigurationIsVisible = 0;
			defaultConfigurationName = Release;
		};
		0C73C9272BEFDAB1001355D7 /* Build configuration list for PBXNativeTarget "BornNews AppTests" */ = {
			isa = XCConfigurationList;
			buildConfigurations = (
				0C73C9282BEFDAB1001355D7 /* Debug */,
				0C73C9292BEFDAB1001355D7 /* Release */,
			);
			defaultConfigurationIsVisible = 0;
			defaultConfigurationName = Release;
		};
		0C73C92A2BEFDAB1001355D7 /* Build configuration list for PBXNativeTarget "BornNews AppUITests" */ = {
			isa = XCConfigurationList;
			buildConfigurations = (
				0C73C92B2BEFDAB1001355D7 /* Debug */,
				0C73C92C2BEFDAB1001355D7 /* Release */,
			);
			defaultConfigurationIsVisible = 0;
			defaultConfigurationName = Release;
		};
/* End XCConfigurationList section */
	};
	rootObject = 0C73C8F22BEFDAAF001355D7 /* Project object */;
}
