// !$*UTF8*$!
{
	archiveVersion = 1;
	classes = {
	};
	objectVersion = 56;
	objects = {

/* Begin PBXBuildFile section */
		0C73C8FE2BEFDAAF001355D7 /* AppDelegate.swift in Sources */ = {isa = PBXBuildFile; fileRef = 0C73C8FD2BEFDAAF001355D7 /* AppDelegate.swift */; };
		0C73C9002BEFDAAF001355D7 /* SceneDelegate.swift in Sources */ = {isa = PBXBuildFile; fileRef = 0C73C8FF2BEFDAAF001355D7 /* SceneDelegate.swift */; };
		0C73C9022BEFDAAF001355D7 /* ViewController.swift in Sources */ = {isa = PBXBuildFile; fileRef = 0C73C9012BEFDAAF001355D7 /* ViewController.swift */; };
		0C73C9052BEFDAAF001355D7 /* Base in Resources */ = {isa = PBXBuildFile; fileRef = 0C73C9042BEFDAAF001355D7 /* Base */; };
		0C73C9072BEFDAB0001355D7 /* Assets.xcassets in Resources */ = {isa = PBXBuildFile; fileRef = 0C73C9062BEFDAB0001355D7 /* Assets.xcassets */; };
		0C73C90A2BEFDAB0001355D7 /* Base in Resources */ = {isa = PBXBuildFile; fileRef = 0C73C9092BEFDAB0001355D7 /* Base */; };
		0C73C9152BEFDAB1001355D7 /* BornNews_AppTests.swift in Sources */ = {isa = PBXBuildFile; fileRef = 0C73C9142BEFDAB1001355D7 /* BornNews_AppTests.swift */; };
		0C73C91F2BEFDAB1001355D7 /* BornNews_AppUITests.swift in Sources */ = {isa = PBXBuildFile; fileRef = 0C73C91E2BEFDAB1001355D7 /* BornNews_AppUITests.swift */; };
		0C73C9212BEFDAB1001355D7 /* BornNews_AppUITestsLaunchTests.swift in Sources */ = {isa = PBXBuildFile; fileRef = 0C73C9202BEFDAB1001355D7 /* BornNews_AppUITestsLaunchTests.swift */; };
/* End PBXBuildFile section */

/* Begin PBXContainerItemProxy section */
		0C73C9112BEFDAB1001355D7 /* PBXContainerItemProxy */ = {
			isa = PBXContainerItemProxy;
			containerPortal = 0C73C8F22BEFDAAF001355D7 /* Project object */;
			proxyType = 1;
			remoteGlobalIDString = 0C73C8F92BEFDAAF001355D7;
			remoteInfo = "BornNews App";
		};
		0C73C91B2BEFDAB1001355D7 /* PBXContainerItemProxy */ = {
			isa = PBXContainerItemProxy;
			containerPortal = 0C73C8F22BEFDAAF001355D7 /* Project object */;
			proxyType = 1;
			remoteGlobalIDString = 0C73C8F92BEFDAAF001355D7;
			remoteInfo = "BornNews App";
		};
/* End PBXContainerItemProxy section */

/* Begin PBXFileReference section */
		0C73C8FA2BEFDAAF001355D7 /* BornNews App.app */ = {isa = PBXFileReference; explicitFileType = wrapper.application; includeInIndex = 0; path = "BornNews App.app"; sourceTree = BUILT_PRODUCTS_DIR; };
		0C73C8FD2BEFDAAF001355D7 /* AppDelegate.swift */ = {isa = PBXFileReference; lastKnownFileType = sourcecode.swift; path = AppDelegate.swift; sourceTree = "<group>"; };
		0C73C8FF2BEFDAAF001355D7 /* SceneDelegate.swift */ = {isa = PBXFileReference; lastKnownFileType = sourcecode.swift; path = SceneDelegate.swift; sourceTree = "<group>"; };
		0C73C9012BEFDAAF001355D7 /* ViewController.swift */ = {isa = PBXFileReference; lastKnownFileType = sourcecode.swift; path = ViewController.swift; sourceTree = "<group>"; };
		0C73C9042BEFDAAF001355D7 /* Base */ = {isa = PBXFileReference; lastKnownFileType = file.storyboard; name = Base; path = Base.lproj/Main.storyboard; sourceTree = "<group>"; };
		0C73C9062BEFDAB0001355D7 /* Assets.xcassets */ = {isa = PBXFileReference; lastKnownFileType = folder.assetcatalog; path = Assets.xcassets; sourceTree = "<group>"; };
		0C73C9092BEFDAB0001355D7 /* Base */ = {isa = PBXFileReference; lastKnownFileType = file.storyboard; name = Base; path = Base.lproj/LaunchScreen.storyboard; sourceTree = "<group>"; };
		0C73C90B2BEFDAB0001355D7 /* Info.plist */ = {isa = PBXFileReference; lastKnownFileType = text.plist.xml; path = Info.plist; sourceTree = "<group>"; };
		0C73C9102BEFDAB1001355D7 /* BornNews AppTests.xctest */ = {isa = PBXFileReference; explicitFileType = wrapper.cfbundle; includeInIndex = 0; path = "BornNews AppTests.xctest"; sourceTree = BUILT_PRODUCTS_DIR; };
		0C73C9142BEFDAB1001355D7 /* BornNews_AppTests.swift */ = {isa = PBXFileReference; lastKnownFileType = sourcecode.swift; path = BornNews_AppTests.swift; sourceTree = "<group>"; };
		0C73C91A2BEFDAB1001355D7 /* BornNews AppUITests.xctest */ = {isa = PBXFileReference; explicitFileType = wrapper.cfbundle; includeInIndex = 0; path = "BornNews AppUITests.xctest"; sourceTree = BUILT_PRODUCTS_DIR; };
		0C73C91E2BEFDAB1001355D7 /* BornNews_AppUITests.swift */ = {isa = PBXFileReference; lastKnownFileType = sourcecode.swift; path = BornNews_AppUITests.swift; sourceTree = "<group>"; };
		0C73C9202BEFDAB1001355D7 /* BornNews_AppUITestsLaunchTests.swift */ = {isa = PBXFileReference; lastKnownFileType = sourcecode.swift; path = BornNews_AppUITestsLaunchTests.swift; sourceTree = "<group>"; };
/* End PBXFileReference section */

/* Begin PBXFrameworksBuildPhase section */
		0C73C8F72BEFDAAF001355D7 /* Frameworks */ = {
			isa = PBXFrameworksBuildPhase;
			buildActionMask = 2147483647;
			files = (
			);
			runOnlyForDeploymentPostprocessing = 0;
		};
		0C73C90D2BEFDAB1001355D7 /* Frameworks */ = {
			isa = PBXFrameworksBuildPhase;
			buildActionMask = 2147483647;
			files = (
			);
			runOnlyForDeploymentPostprocessing = 0;
		};
		0C73C9172BEFDAB1001355D7 /* Frameworks */ = {
			isa = PBXFrameworksBuildPhase;
			buildActionMask = 2147483647;
			files = (
			);
			runOnlyForDeploymentPostprocessing = 0;
		};
/* End PBXFrameworksBuildPhase section */

/* Begin PBXGroup section */
		0C73C8F12BEFDAAF001355D7 = {
			isa = PBXGroup;
			children = (
				0C73C8FC2BEFDAAF001355D7 /* BornNews App */,
				0C73C9132BEFDAB1001355D7 /* BornNews AppTests */,
				0C73C91D2BEFDAB1001355D7 /* BornNews AppUITests */,
				0C73C8FB2BEFDAAF001355D7 /* Products */,
			);
			sourceTree = "<group>";
		};
		0C73C8FB2BEFDAAF001355D7 /* Products */ = {
			isa = PBXGroup;
			children = (
				0C73C8FA2BEFDAAF001355D7 /* BornNews App.app */,
				0C73C9102BEFDAB1001355D7 /* BornNews AppTests.xctest */,
				0C73C91A2BEFDAB1001355D7 /* BornNews AppUITests.xctest */,
			);
			name = Products;
			sourceTree = "<group>";
		};
		0C73C8FC2BEFDAAF001355D7 /* BornNews App */ = {
			isa = PBXGroup;
			children = (
				0C73C8FD2BEFDAAF001355D7 /* AppDelegate.swift */,
				0C73C8FF2BEFDAAF001355D7 /* SceneDelegate.swift */,
				0C73C9012BEFDAAF001355D7 /* ViewController.swift */,
				0C73C9032BEFDAAF001355D7 /* Main.storyboard */,
				0C73C9062BEFDAB0001355D7 /* Assets.xcassets */,
				0C73C9082BEFDAB0001355D7 /* LaunchScreen.storyboard */,
				0C73C90B2BEFDAB0001355D7 /* Info.plist */,
			);
			path = "BornNews App";
			sourceTree = "<group>";
		};
		0C73C9132BEFDAB1001355D7 /* BornNews AppTests */ = {
			isa = PBXGroup;
			children = (
				0C73C9142BEFDAB1001355D7 /* BornNews_AppTests.swift */,
			);
			path = "BornNews AppTests";
			sourceTree = "<group>";
		};
		0C73C91D2BEFDAB1001355D7 /* BornNews AppUITests */ = {
			isa = PBXGroup;
			children = (
				0C73C91E2BEFDAB1001355D7 /* BornNews_AppUITests.swift */,
				0C73C9202BEFDAB1001355D7 /* BornNews_AppUITestsLaunchTests.swift */,
			);
			path = "BornNews AppUITests";
			sourceTree = "<group>";
		};
/* End PBXGroup section */

/* Begin PBXNativeTarget section */
		0C73C8F92BEFDAAF001355D7 /* BornNews App */ = {
			isa = PBXNativeTarget;
			buildConfigurationList = 0C73C9242BEFDAB1001355D7 /* Build configuration list for PBXNativeTarget "BornNews App" */;
			buildPhases = (
				0C73C8F62BEFDAAF001355D7 /* Sources */,
				0C73C8F72BEFDAAF001355D7 /* Frameworks */,
				0C73C8F82BEFDAAF001355D7 /* Resources */,
			);
			buildRules = (
			);
			dependencies = (
			);
			name = "BornNews App";
			productName = "BornNews App";
			productReference = 0C73C8FA2BEFDAAF001355D7 /* BornNews App.app */;
			productType = "com.apple.product-type.application";
		};
		0C73C90F2BEFDAB1001355D7 /* BornNews AppTests */ = {
			isa = PBXNativeTarget;
			buildConfigurationList = 0C73C9272BEFDAB1001355D7 /* Build configuration list for PBXNativeTarget "BornNews AppTests" */;
			buildPhases = (
				0C73C90C2BEFDAB1001355D7 /* Sources */,
				0C73C90D2BEFDAB1001355D7 /* Frameworks */,
				0C73C90E2BEFDAB1001355D7 /* Resources */,
			);
			buildRules = (
			);
			dependencies = (
				0C73C9122BEFDAB1001355D7 /* PBXTargetDependency */,
			);
			name = "BornNews AppTests";
			productName = "BornNews AppTests";
			productReference = 0C73C9102BEFDAB1001355D7 /* BornNews AppTests.xctest */;
			productType = "com.apple.product-type.bundle.unit-test";
		};
		0C73C9192BEFDAB1001355D7 /* BornNews AppUITests */ = {
			isa = PBXNativeTarget;
			buildConfigurationList = 0C73C92A2BEFDAB1001355D7 /* Build configuration list for PBXNativeTarget "BornNews AppUITests" */;
			buildPhases = (
				0C73C9162BEFDAB1001355D7 /* Sources */,
				0C73C9172BEFDAB1001355D7 /* Frameworks */,
				0C73C9182BEFDAB1001355D7 /* Resources */,
			);
			buildRules = (
			);
			dependencies = (
				0C73C91C2BEFDAB1001355D7 /* PBXTargetDependency */,
			);
			name = "BornNews AppUITests";
			productName = "BornNews AppUITests";
			productReference = 0C73C91A2BEFDAB1001355D7 /* BornNews AppUITests.xctest */;
			productType = "com.apple.product-type.bundle.ui-testing";
		};
/* End PBXNativeTarget section */

/* Begin PBXProject section */
		0C73C8F22BEFDAAF001355D7 /* Project object */ = {
			isa = PBXProject;
			attributes = {
				BuildIndependentTargetsInParallel = 1;
				LastSwiftUpdateCheck = 1530;
				LastUpgradeCheck = 1530;
				TargetAttributes = {
					0C73C8F92BEFDAAF001355D7 = {
						CreatedOnToolsVersion = 15.3;
					};
					0C73C90F2BEFDAB1001355D7 = {
						CreatedOnToolsVersion = 15.3;
						TestTargetID = 0C73C8F92BEFDAAF001355D7;
					};
					0C73C9192BEFDAB1001355D7 = {
						CreatedOnToolsVersion = 15.3;
						TestTargetID = 0C73C8F92BEFDAAF001355D7;
					};
				};
			};
			buildConfigurationList = 0C73C8F52BEFDAAF001355D7 /* Build configuration list for PBXProject "BornNews App" */;
			compatibilityVersion = "Xcode 14.0";
			developmentRegion = en;
			hasScannedForEncodings = 0;
			knownRegions = (
				en,
				Base,
			);
			mainGroup = 0C73C8F12BEFDAAF001355D7;
			productRefGroup = 0C73C8FB2BEFDAAF001355D7 /* Products */;
			projectDirPath = "";
			projectRoot = "";
			targets = (
				0C73C8F92BEFDAAF001355D7 /* BornNews App */,
				0C73C90F2BEFDAB1001355D7 /* BornNews AppTests */,
				0C73C9192BEFDAB1001355D7 /* BornNews AppUITests */,
			);
		};
/* End PBXProject section */

/* Begin PBXResourcesBuildPhase section */
		0C73C8F82BEFDAAF001355D7 /* Resources */ = {
			isa = PBXResourcesBuildPhase;
			buildActionMask = 2147483647;
			files = (
				0C73C9072BEFDAB0001355D7 /* Assets.xcassets in Resources */,
				0C73C90A2BEFDAB0001355D7 /* Base in Resources */,
				0C73C9052BEFDAAF001355D7 /* Base in Resources */,
			);
			runOnlyForDeploymentPostprocessing = 0;
		};
		0C73C90E2BEFDAB1001355D7 /* Resources */ = {
			isa = PBXResourcesBuildPhase;
			buildActionMask = 2147483647;
			files = (
			);
			runOnlyForDeploymentPostprocessing = 0;
		};
		0C73C9182BEFDAB1001355D7 /* Resources */ = {
			isa = PBXResourcesBuildPhase;
			buildActionMask = 2147483647;
			files = (
			);
			runOnlyForDeploymentPostprocessing = 0;
		};
/* End PBXResourcesBuildPhase section */

/* Begin PBXSourcesBuildPhase section */
		0C73C8F62BEFDAAF001355D7 /* Sources */ = {
			isa = PBXSourcesBuildPhase;
			buildActionMask = 2147483647;
			files = (
				0C73C9022BEFDAAF001355D7 /* ViewController.swift in Sources */,
				0C73C8FE2BEFDAAF001355D7 /* AppDelegate.swift in Sources */,
				0C73C9002BEFDAAF001355D7 /* SceneDelegate.swift in Sources */,
			);
			runOnlyForDeploymentPostprocessing = 0;
		};
		0C73C90C2BEFDAB1001355D7 /* Sources */ = {
			isa = PBXSourcesBuildPhase;
			buildActionMask = 2147483647;
			files = (
				0C73C9152BEFDAB1001355D7 /* BornNews_AppTests.swift in Sources */,
			);
			runOnlyForDeploymentPostprocessing = 0;
		};
		0C73C9162BEFDAB1001355D7 /* Sources */ = {
			isa = PBXSourcesBuildPhase;
			buildActionMask = 2147483647;
			files = (
				0C73C9212BEFDAB1001355D7 /* BornNews_AppUITestsLaunchTests.swift in Sources */,
				0C73C91F2BEFDAB1001355D7 /* BornNews_AppUITests.swift in Sources */,
			);
			runOnlyForDeploymentPostprocessing = 0;
		};
/* End PBXSourcesBuildPhase section */

/* Begin PBXTargetDependency section */
		0C73C9122BEFDAB1001355D7 /* PBXTargetDependency */ = {
			isa = PBXTargetDependency;
			target = 0C73C8F92BEFDAAF001355D7 /* BornNews App */;
			targetProxy = 0C73C9112BEFDAB1001355D7 /* PBXContainerItemProxy */;
		};
		0C73C91C2BEFDAB1001355D7 /* PBXTargetDependency */ = {
			isa = PBXTargetDependency;
			target = 0C73C8F92BEFDAAF001355D7 /* BornNews App */;
			targetProxy = 0C73C91B2BEFDAB1001355D7 /* PBXContainerItemProxy */;
		};
/* End PBXTargetDependency section */

/* Begin PBXVariantGroup section */
		0C73C9032BEFDAAF001355D7 /* Main.storyboard */ = {
			isa = PBXVariantGroup;
			children = (
				0C73C9042BEFDAAF001355D7 /* Base */,
			);
			name = Main.storyboard;
			sourceTree = "<group>";
		};
		0C73C9082BEFDAB0001355D7 /* LaunchScreen.storyboard */ = {
			isa = PBXVariantGroup;
			children = (
				0C73C9092BEFDAB0001355D7 /* Base */,
			);
			name = LaunchScreen.storyboard;
			sourceTree = "<group>";
		};
/* End PBXVariantGroup section */

/* Begin XCBuildConfiguration section */
		0C73C9222BEFDAB1001355D7 /* Debug */ = {
			isa = XCBuildConfiguration;
			buildSettings = {
				ALWAYS_SEARCH_USER_PATHS = NO;
				ASSETCATALOG_COMPILER_GENERATE_SWIFT_ASSET_SYMBOL_EXTENSIONS = YES;
				CLANG_ANALYZER_NONNULL = YES;
				CLANG_ANALYZER_NUMBER_OBJECT_CONVERSION = YES_AGGRESSIVE;
				CLANG_CXX_LANGUAGE_STANDARD = "gnu++20";
				CLANG_ENABLE_MODULES = YES;
				CLANG_ENABLE_OBJC_ARC = YES;
				CLANG_ENABLE_OBJC_WEAK = YES;
				CLANG_WARN_BLOCK_CAPTURE_AUTORELEASING = YES;
				CLANG_WARN_BOOL_CONVERSION = YES;
				CLANG_WARN_COMMA = YES;
				CLANG_WARN_CONSTANT_CONVERSION = YES;
				CLANG_WARN_DEPRECATED_OBJC_IMPLEMENTATIONS = YES;
				CLANG_WARN_DIRECT_OBJC_ISA_USAGE = YES_ERROR;
				CLANG_WARN_DOCUMENTATION_COMMENTS = YES;
				CLANG_WARN_EMPTY_BODY = YES;
				CLANG_WARN_ENUM_CONVERSION = YES;
				CLANG_WARN_INFINITE_RECURSION = YES;
				CLANG_WARN_INT_CONVERSION = YES;
				CLANG_WARN_NON_LITERAL_NULL_CONVERSION = YES;
				CLANG_WARN_OBJC_IMPLICIT_RETAIN_SELF = YES;
				CLANG_WARN_OBJC_LITERAL_CONVERSION = YES;
				CLANG_WARN_OBJC_ROOT_CLASS = YES_ERROR;
				CLANG_WARN_QUOTED_INCLUDE_IN_FRAMEWORK_HEADER = YES;
				CLANG_WARN_RANGE_LOOP_ANALYSIS = YES;
				CLANG_WARN_STRICT_PROTOTYPES = YES;
				CLANG_WARN_SUSPICIOUS_MOVE = YES;
				CLANG_WARN_UNGUARDED_AVAILABILITY = YES_AGGRESSIVE;
				CLANG_WARN_UNREACHABLE_CODE = YES;
				CLANG_WARN__DUPLICATE_METHOD_MATCH = YES;
				COPY_PHASE_STRIP = NO;
				DEBUG_INFORMATION_FORMAT = dwarf;
				ENABLE_STRICT_OBJC_MSGSEND = YES;
				ENABLE_TESTABILITY = YES;
				ENABLE_USER_SCRIPT_SANDBOXING = YES;
				GCC_C_LANGUAGE_STANDARD = gnu17;
				GCC_DYNAMIC_NO_PIC = NO;
				GCC_NO_COMMON_BLOCKS = YES;
				GCC_OPTIMIZATION_LEVEL = 0;
				GCC_PREPROCESSOR_DEFINITIONS = (
					"DEBUG=1",
					"$(inherited)",
				);
				GCC_WARN_64_TO_32_BIT_CONVERSION = YES;
				GCC_WARN_ABOUT_RETURN_TYPE = YES_ERROR;
				GCC_WARN_UNDECLARED_SELECTOR = YES;
				GCC_WARN_UNINITIALIZED_AUTOS = YES_AGGRESSIVE;
				GCC_WARN_UNUSED_FUNCTION = YES;
				GCC_WARN_UNUSED_VARIABLE = YES;
				IPHONEOS_DEPLOYMENT_TARGET = 17.4;
				LOCALIZATION_PREFERS_STRING_CATALOGS = YES;
				MTL_ENABLE_DEBUG_INFO = INCLUDE_SOURCE;
				MTL_FAST_MATH = YES;
				ONLY_ACTIVE_ARCH = YES;
				SDKROOT = iphoneos;
				SWIFT_ACTIVE_COMPILATION_CONDITIONS = "DEBUG $(inherited)";
				SWIFT_OPTIMIZATION_LEVEL = "-Onone";
			};
			name = Debug;
		};
		0C73C9232BEFDAB1001355D7 /* Release */ = {
			isa = XCBuildConfiguration;
			buildSettings = {
				ALWAYS_SEARCH_USER_PATHS = NO;
				ASSETCATALOG_COMPILER_GENERATE_SWIFT_ASSET_SYMBOL_EXTENSIONS = YES;
				CLANG_ANALYZER_NONNULL = YES;
				CLANG_ANALYZER_NUMBER_OBJECT_CONVERSION = YES_AGGRESSIVE;
				CLANG_CXX_LANGUAGE_STANDARD = "gnu++20";
				CLANG_ENABLE_MODULES = YES;
				CLANG_ENABLE_OBJC_ARC = YES;
				CLANG_ENABLE_OBJC_WEAK = YES;
				CLANG_WARN_BLOCK_CAPTURE_AUTORELEASING = YES;
				CLANG_WARN_BOOL_CONVERSION = YES;
				CLANG_WARN_COMMA = YES;
				CLANG_WARN_CONSTANT_CONVERSION = YES;
				CLANG_WARN_DEPRECATED_OBJC_IMPLEMENTATIONS = YES;
				CLANG_WARN_DIRECT_OBJC_ISA_USAGE = YES_ERROR;
				CLANG_WARN_DOCUMENTATION_COMMENTS = YES;
				CLANG_WARN_EMPTY_BODY = YES;
				CLANG_WARN_ENUM_CONVERSION = YES;
				CLANG_WARN_INFINITE_RECURSION = YES;
				CLANG_WARN_INT_CONVERSION = YES;
				CLANG_WARN_NON_LITERAL_NULL_CONVERSION = YES;
				CLANG_WARN_OBJC_IMPLICIT_RETAIN_SELF = YES;
				CLANG_WARN_OBJC_LITERAL_CONVERSION = YES;
				CLANG_WARN_OBJC_ROOT_CLASS = YES_ERROR;
				CLANG_WARN_QUOTED_INCLUDE_IN_FRAMEWORK_HEADER = YES;
				CLANG_WARN_RANGE_LOOP_ANALYSIS = YES;
				CLANG_WARN_STRICT_PROTOTYPES = YES;
				CLANG_WARN_SUSPICIOUS_MOVE = YES;
				CLANG_WARN_UNGUARDED_AVAILABILITY = YES_AGGRESSIVE;
				CLANG_WARN_UNREACHABLE_CODE = YES;
				CLANG_WARN__DUPLICATE_METHOD_MATCH = YES;
				COPY_PHASE_STRIP = NO;
				DEBUG_INFORMATION_FORMAT = "dwarf-with-dsym";
				ENABLE_NS_ASSERTIONS = NO;
				ENABLE_STRICT_OBJC_MSGSEND = YES;
				ENABLE_USER_SCRIPT_SANDBOXING = YES;
				GCC_C_LANGUAGE_STANDARD = gnu17;
				GCC_NO_COMMON_BLOCKS = YES;
				GCC_WARN_64_TO_32_BIT_CONVERSION = YES;
				GCC_WARN_ABOUT_RETURN_TYPE = YES_ERROR;
				GCC_WARN_UNDECLARED_SELECTOR = YES;
				GCC_WARN_UNINITIALIZED_AUTOS = YES_AGGRESSIVE;
				GCC_WARN_UNUSED_FUNCTION = YES;
				GCC_WARN_UNUSED_VARIABLE = YES;
				IPHONEOS_DEPLOYMENT_TARGET = 17.4;
				LOCALIZATION_PREFERS_STRING_CATALOGS = YES;
				MTL_ENABLE_DEBUG_INFO = NO;
				MTL_FAST_MATH = YES;
				SDKROOT = iphoneos;
				SWIFT_COMPILATION_MODE = wholemodule;
				VALIDATE_PRODUCT = YES;
			};
			name = Release;
		};
		0C73C9252BEFDAB1001355D7 /* Debug */ = {
			isa = XCBuildConfiguration;
			buildSettings = {
				ASSETCATALOG_COMPILER_APPICON_NAME = AppIcon;
				ASSETCATALOG_COMPILER_GLOBAL_ACCENT_COLOR_NAME = AccentColor;
				CODE_SIGN_STYLE = Automatic;
				CURRENT_PROJECT_VERSION = 1;
				DEVELOPMENT_TEAM = 749Q737TF5;
				GENERATE_INFOPLIST_FILE = YES;
				INFOPLIST_FILE = "BornNews App/Info.plist";
				INFOPLIST_KEY_UIApplicationSupportsIndirectInputEvents = YES;
				INFOPLIST_KEY_UILaunchStoryboardName = LaunchScreen;
				INFOPLIST_KEY_UIMainStoryboardFile = Main;
				INFOPLIST_KEY_UISupportedInterfaceOrientations_iPad = "UIInterfaceOrientationPortrait UIInterfaceOrientationPortraitUpsideDown UIInterfaceOrientationLandscapeLeft UIInterfaceOrientationLandscapeRight";
				INFOPLIST_KEY_UISupportedInterfaceOrientations_iPhone = "UIInterfaceOrientationPortrait UIInterfaceOrientationLandscapeLeft UIInterfaceOrientationLandscapeRight";
				LD_RUNPATH_SEARCH_PATHS = (
					"$(inherited)",
					"@executable_path/Frameworks",
				);
				MARKETING_VERSION = 1.0;
				PRODUCT_BUNDLE_IDENTIFIER = "com.miggeLucas.BornNews-App";
				PRODUCT_NAME = "$(TARGET_NAME)";
				SWIFT_EMIT_LOC_STRINGS = YES;
				SWIFT_VERSION = 5.0;
				TARGETED_DEVICE_FAMILY = "1,2";
			};
			name = Debug;
		};
		0C73C9262BEFDAB1001355D7 /* Release */ = {
			isa = XCBuildConfiguration;
			buildSettings = {
				ASSETCATALOG_COMPILER_APPICON_NAME = AppIcon;
				ASSETCATALOG_COMPILER_GLOBAL_ACCENT_COLOR_NAME = AccentColor;
				CODE_SIGN_STYLE = Automatic;
				CURRENT_PROJECT_VERSION = 1;
				DEVELOPMENT_TEAM = 749Q737TF5;
				GENERATE_INFOPLIST_FILE = YES;
				INFOPLIST_FILE = "BornNews App/Info.plist";
				INFOPLIST_KEY_UIApplicationSupportsIndirectInputEvents = YES;
				INFOPLIST_KEY_UILaunchStoryboardName = LaunchScreen;
				INFOPLIST_KEY_UIMainStoryboardFile = Main;
				INFOPLIST_KEY_UISupportedInterfaceOrientations_iPad = "UIInterfaceOrientationPortrait UIInterfaceOrientationPortraitUpsideDown UIInterfaceOrientationLandscapeLeft UIInterfaceOrientationLandscapeRight";
				INFOPLIST_KEY_UISupportedInterfaceOrientations_iPhone = "UIInterfaceOrientationPortrait UIInterfaceOrientationLandscapeLeft UIInterfaceOrientationLandscapeRight";
				LD_RUNPATH_SEARCH_PATHS = (
					"$(inherited)",
					"@executable_path/Frameworks",
				);
				MARKETING_VERSION = 1.0;
				PRODUCT_BUNDLE_IDENTIFIER = "com.miggeLucas.BornNews-App";
				PRODUCT_NAME = "$(TARGET_NAME)";
				SWIFT_EMIT_LOC_STRINGS = YES;
				SWIFT_VERSION = 5.0;
				TARGETED_DEVICE_FAMILY = "1,2";
			};
			name = Release;
		};
		0C73C9282BEFDAB1001355D7 /* Debug */ = {
			isa = XCBuildConfiguration;
			buildSettings = {
				ALWAYS_EMBED_SWIFT_STANDARD_LIBRARIES = YES;
				BUNDLE_LOADER = "$(TEST_HOST)";
				CODE_SIGN_STYLE = Automatic;
				CURRENT_PROJECT_VERSION = 1;
				DEVELOPMENT_TEAM = 749Q737TF5;
				GENERATE_INFOPLIST_FILE = YES;
				IPHONEOS_DEPLOYMENT_TARGET = 17.4;
				MARKETING_VERSION = 1.0;
				PRODUCT_BUNDLE_IDENTIFIER = "com.miggeLucas.BornNews-AppTests";
				PRODUCT_NAME = "$(TARGET_NAME)";
				SWIFT_EMIT_LOC_STRINGS = NO;
				SWIFT_VERSION = 5.0;
				TARGETED_DEVICE_FAMILY = "1,2";
				TEST_HOST = "$(BUILT_PRODUCTS_DIR)/BornNews App.app/$(BUNDLE_EXECUTABLE_FOLDER_PATH)/BornNews App";
			};
			name = Debug;
		};
		0C73C9292BEFDAB1001355D7 /* Release */ = {
			isa = XCBuildConfiguration;
			buildSettings = {
				ALWAYS_EMBED_SWIFT_STANDARD_LIBRARIES = YES;
				BUNDLE_LOADER = "$(TEST_HOST)";
				CODE_SIGN_STYLE = Automatic;
				CURRENT_PROJECT_VERSION = 1;
				DEVELOPMENT_TEAM = 749Q737TF5;
				GENERATE_INFOPLIST_FILE = YES;
				IPHONEOS_DEPLOYMENT_TARGET = 17.4;
				MARKETING_VERSION = 1.0;
				PRODUCT_BUNDLE_IDENTIFIER = "com.miggeLucas.BornNews-AppTests";
				PRODUCT_NAME = "$(TARGET_NAME)";
				SWIFT_EMIT_LOC_STRINGS = NO;
				SWIFT_VERSION = 5.0;
				TARGETED_DEVICE_FAMILY = "1,2";
				TEST_HOST = "$(BUILT_PRODUCTS_DIR)/BornNews App.app/$(BUNDLE_EXECUTABLE_FOLDER_PATH)/BornNews App";
			};
			name = Release;
		};
		0C73C92B2BEFDAB1001355D7 /* Debug */ = {
			isa = XCBuildConfiguration;
			buildSettings = {
				ALWAYS_EMBED_SWIFT_STANDARD_LIBRARIES = YES;
				CODE_SIGN_STYLE = Automatic;
				CURRENT_PROJECT_VERSION = 1;
				DEVELOPMENT_TEAM = 749Q737TF5;
				GENERATE_INFOPLIST_FILE = YES;
				MARKETING_VERSION = 1.0;
				PRODUCT_BUNDLE_IDENTIFIER = "com.miggeLucas.BornNews-AppUITests";
				PRODUCT_NAME = "$(TARGET_NAME)";
				SWIFT_EMIT_LOC_STRINGS = NO;
				SWIFT_VERSION = 5.0;
				TARGETED_DEVICE_FAMILY = "1,2";
				TEST_TARGET_NAME = "BornNews App";
			};
			name = Debug;
		};
		0C73C92C2BEFDAB1001355D7 /* Release */ = {
			isa = XCBuildConfiguration;
			buildSettings = {
				ALWAYS_EMBED_SWIFT_STANDARD_LIBRARIES = YES;
				CODE_SIGN_STYLE = Automatic;
				CURRENT_PROJECT_VERSION = 1;
				DEVELOPMENT_TEAM = 749Q737TF5;
				GENERATE_INFOPLIST_FILE = YES;
				MARKETING_VERSION = 1.0;
				PRODUCT_BUNDLE_IDENTIFIER = "com.miggeLucas.BornNews-AppUITests";
				PRODUCT_NAME = "$(TARGET_NAME)";
				SWIFT_EMIT_LOC_STRINGS = NO;
				SWIFT_VERSION = 5.0;
				TARGETED_DEVICE_FAMILY = "1,2";
				TEST_TARGET_NAME = "BornNews App";
			};
			name = Release;
		};
/* End XCBuildConfiguration section */

/* Begin XCConfigurationList section */
		0C73C8F52BEFDAAF001355D7 /* Build configuration list for PBXProject "BornNews App" */ = {
			isa = XCConfigurationList;
			buildConfigurations = (
				0C73C9222BEFDAB1001355D7 /* Debug */,
				0C73C9232BEFDAB1001355D7 /* Release */,
			);
			defaultConfigurationIsVisible = 0;
			defaultConfigurationName = Release;
		};
		0C73C9242BEFDAB1001355D7 /* Build configuration list for PBXNativeTarget "BornNews App" */ = {
			isa = XCConfigurationList;
			buildConfigurations = (
				0C73C9252BEFDAB1001355D7 /* Debug */,
				0C73C9262BEFDAB1001355D7 /* Release */,
			);
			defaultConfigurationIsVisible = 0;
			defaultConfigurationName = Release;
		};
		0C73C9272BEFDAB1001355D7 /* Build configuration list for PBXNativeTarget "BornNews AppTests" */ = {
			isa = XCConfigurationList;
			buildConfigurations = (
				0C73C9282BEFDAB1001355D7 /* Debug */,
				0C73C9292BEFDAB1001355D7 /* Release */,
			);
			defaultConfigurationIsVisible = 0;
			defaultConfigurationName = Release;
		};
		0C73C92A2BEFDAB1001355D7 /* Build configuration list for PBXNativeTarget "BornNews AppUITests" */ = {
			isa = XCConfigurationList;
			buildConfigurations = (
				0C73C92B2BEFDAB1001355D7 /* Debug */,
				0C73C92C2BEFDAB1001355D7 /* Release */,
			);
			defaultConfigurationIsVisible = 0;
			defaultConfigurationName = Release;
		};
/* End XCConfigurationList section */
	};
	rootObject = 0C73C8F22BEFDAAF001355D7 /* Project object */;
}
